{
  "nodes": {
    "flakeNimbleLib": {
      "inputs": {
        "nixpkgs": [
          "nixpkgs"
        ]
      },
      "locked": {
        "lastModified": 1662018438,
        "narHash": "sha256-QtNtU6+LX3Wokxf0zlFwKTFOcn6TeDjKQZ+DA9OYtvM=",
        "owner": "riinr",
        "repo": "nim-flakes-lib",
        "rev": "b1fe8340736e3a85d25c709ac3dfd82a55c03cbf",
        "type": "github"
      },
      "original": {
        "owner": "riinr",
        "ref": "master",
        "repo": "nim-flakes-lib",
        "type": "github"
      }
    },
    "nixpkgs": {
      "locked": {
        "lastModified": 1667199707,
        "narHash": "sha256-I2Js3Y7gUyVSEXPULHlBoRek4Lh85vnevdS6mdvDNLI=",
        "owner": "NixOS",
        "repo": "nixpkgs",
        "rev": "ced197be72099edcfa68ebed8b87af7b04851f45",
        "type": "github"
      },
      "original": {
        "id": "nixpkgs",
        "type": "indirect"
      }
    },
    "parsegemini-master": {
      "inputs": {
        "flakeNimbleLib": [
          "flakeNimbleLib"
        ],
        "nixpkgs": [
          "nixpkgs"
        ],
        "src-parsegemini-master": "src-parsegemini-master"
      },
      "locked": {
        "dir": "master",
        "lastModified": 1667322570,
        "narHash": "sha256-QZkFIcYozwqIQcv00vEYtIGW43B3hMTnopS7LuKd2VI=",
        "owner": "nim-nix-pkgs",
        "repo": "parsegemini",
        "rev": "3494f909ab985d681fcbba23a41dbd1e29708503",
        "type": "github"
      },
      "original": {
        "dir": "master",
        "owner": "nim-nix-pkgs",
        "ref": "master",
        "repo": "parsegemini",
        "type": "github"
      }
    },
    "root": {
      "inputs": {
        "flakeNimbleLib": "flakeNimbleLib",
        "nixpkgs": "nixpkgs",
        "parsegemini-master": "parsegemini-master"
      }
    },
    "src-parsegemini-master": {
      "flake": false,
      "locked": {
        "lastModified": 1616689243,
        "narHash": "sha256-zOnAq0vlT7JEH6DQjVYQ+O1eORwTFoAJHm4q6gyYPZA=",
        "owner": "autumngray",
        "repo": "parsegemini",
        "rev": "50b10def9a9fd0637fbe5a46c6b55f75c435266d",
        "type": "github"
      },
      "original": {
        "owner": "autumngray",
        "ref": "refs/heads/master",
        "repo": "parsegemini",
        "type": "github"
      }
    }
  },
  "root": "root",
  "version": 7
}
